// !$*UTF8*$!
{
	archiveVersion = 1;
	classes = {
	};
	objectVersion = 52;
	objects = {

/* Begin PBXBuildFile section */
		E23C9CF1245B9EBF00EBD87A /* Assets.xcassets in Resources */ = {isa = PBXBuildFile; fileRef = E23C9CE8245B9EBF00EBD87A /* Assets.xcassets */; };
		E23C9CF2245B9EBF00EBD87A /* Preview Assets.xcassets in Resources */ = {isa = PBXBuildFile; fileRef = E23C9CEA245B9EBF00EBD87A /* Preview Assets.xcassets */; };
		E23C9CF3245B9EBF00EBD87A /* LaunchScreen.storyboard in Resources */ = {isa = PBXBuildFile; fileRef = E23C9CEB245B9EBF00EBD87A /* LaunchScreen.storyboard */; };
		E23C9CF4245B9EBF00EBD87A /* AppDelegate.swift in Sources */ = {isa = PBXBuildFile; fileRef = E23C9CED245B9EBF00EBD87A /* AppDelegate.swift */; };
		E23C9CF5245B9EBF00EBD87A /* ContentView.swift in Sources */ = {isa = PBXBuildFile; fileRef = E23C9CEE245B9EBF00EBD87A /* ContentView.swift */; };
		E23C9CF7245B9EBF00EBD87A /* SceneDelegate.swift in Sources */ = {isa = PBXBuildFile; fileRef = E23C9CF0245B9EBF00EBD87A /* SceneDelegate.swift */; };
		E23C9CFD245B9FA700EBD87A /* Category.swift in Sources */ = {isa = PBXBuildFile; fileRef = E23C9CFC245B9FA700EBD87A /* Category.swift */; };
		E23C9CFF245B9FB200EBD87A /* CategoryJSONResponse.swift in Sources */ = {isa = PBXBuildFile; fileRef = E23C9CFE245B9FB200EBD87A /* CategoryJSONResponse.swift */; };
		E23C9D04245B9FD700EBD87A /* CategoriesView.swift in Sources */ = {isa = PBXBuildFile; fileRef = E23C9D03245B9FD700EBD87A /* CategoriesView.swift */; };
		E23C9D06245B9FDF00EBD87A /* CategoryRow.swift in Sources */ = {isa = PBXBuildFile; fileRef = E23C9D05245B9FDF00EBD87A /* CategoryRow.swift */; };
		E23C9D08245B9FF600EBD87A /* JSONResponse.swift in Sources */ = {isa = PBXBuildFile; fileRef = E23C9D07245B9FF600EBD87A /* JSONResponse.swift */; };
		E23C9D0B245BA04300EBD87A /* TheMealDB.swift in Sources */ = {isa = PBXBuildFile; fileRef = E23C9D0A245BA04300EBD87A /* TheMealDB.swift */; };
		E23C9D0D245BA06900EBD87A /* CategoriesViewModel.swift in Sources */ = {isa = PBXBuildFile; fileRef = E23C9D0C245BA06900EBD87A /* CategoriesViewModel.swift */; };
		E23C9D10245BA0C900EBD87A /* KingfisherSwiftUI in Frameworks */ = {isa = PBXBuildFile; productRef = E23C9D0F245BA0C900EBD87A /* KingfisherSwiftUI */; };
		E23C9D13245BA1DA00EBD87A /* MealsView.swift in Sources */ = {isa = PBXBuildFile; fileRef = E23C9D12245BA1DA00EBD87A /* MealsView.swift */; };
		E23C9D15245BA1E800EBD87A /* MealsViewModel.swift in Sources */ = {isa = PBXBuildFile; fileRef = E23C9D14245BA1E800EBD87A /* MealsViewModel.swift */; };
		E23C9D18245BA29800EBD87A /* MealsJSONResponse.swift in Sources */ = {isa = PBXBuildFile; fileRef = E23C9D17245BA29800EBD87A /* MealsJSONResponse.swift */; };
		E23C9D1A245BA2C500EBD87A /* Meal.swift in Sources */ = {isa = PBXBuildFile; fileRef = E23C9D19245BA2C500EBD87A /* Meal.swift */; };
		E23C9D1E245BA38E00EBD87A /* MealRow.swift in Sources */ = {isa = PBXBuildFile; fileRef = E23C9D1D245BA38E00EBD87A /* MealRow.swift */; };
		E23C9D20245BA51900EBD87A /* ThumbnailRow.swift in Sources */ = {isa = PBXBuildFile; fileRef = E23C9D1F245BA51900EBD87A /* ThumbnailRow.swift */; };
/* End PBXBuildFile section */

/* Begin PBXFileReference section */
		E23C9CD0245B9E8E00EBD87A /* TheMealDB.app */ = {isa = PBXFileReference; explicitFileType = wrapper.application; includeInIndex = 0; path = TheMealDB.app; sourceTree = BUILT_PRODUCTS_DIR; };
		E23C9CE8245B9EBF00EBD87A /* Assets.xcassets */ = {isa = PBXFileReference; lastKnownFileType = folder.assetcatalog; path = Assets.xcassets; sourceTree = "<group>"; };
		E23C9CEA245B9EBF00EBD87A /* Preview Assets.xcassets */ = {isa = PBXFileReference; lastKnownFileType = folder.assetcatalog; path = "Preview Assets.xcassets"; sourceTree = "<group>"; };
		E23C9CEC245B9EBF00EBD87A /* Base */ = {isa = PBXFileReference; lastKnownFileType = file.storyboard; name = Base; path = Base.lproj/LaunchScreen.storyboard; sourceTree = "<group>"; };
		E23C9CED245B9EBF00EBD87A /* AppDelegate.swift */ = {isa = PBXFileReference; fileEncoding = 4; lastKnownFileType = sourcecode.swift; path = AppDelegate.swift; sourceTree = "<group>"; };
		E23C9CEE245B9EBF00EBD87A /* ContentView.swift */ = {isa = PBXFileReference; fileEncoding = 4; lastKnownFileType = sourcecode.swift; path = ContentView.swift; sourceTree = "<group>"; };
		E23C9CEF245B9EBF00EBD87A /* Info.plist */ = {isa = PBXFileReference; fileEncoding = 4; lastKnownFileType = text.plist.xml; path = Info.plist; sourceTree = "<group>"; };
		E23C9CF0245B9EBF00EBD87A /* SceneDelegate.swift */ = {isa = PBXFileReference; fileEncoding = 4; lastKnownFileType = sourcecode.swift; path = SceneDelegate.swift; sourceTree = "<group>"; };
		E23C9CFC245B9FA700EBD87A /* Category.swift */ = {isa = PBXFileReference; lastKnownFileType = sourcecode.swift; path = Category.swift; sourceTree = "<group>"; };
		E23C9CFE245B9FB200EBD87A /* CategoryJSONResponse.swift */ = {isa = PBXFileReference; lastKnownFileType = sourcecode.swift; path = CategoryJSONResponse.swift; sourceTree = "<group>"; };
		E23C9D03245B9FD700EBD87A /* CategoriesView.swift */ = {isa = PBXFileReference; lastKnownFileType = sourcecode.swift; path = CategoriesView.swift; sourceTree = "<group>"; };
		E23C9D05245B9FDF00EBD87A /* CategoryRow.swift */ = {isa = PBXFileReference; lastKnownFileType = sourcecode.swift; path = CategoryRow.swift; sourceTree = "<group>"; };
		E23C9D07245B9FF600EBD87A /* JSONResponse.swift */ = {isa = PBXFileReference; lastKnownFileType = sourcecode.swift; path = JSONResponse.swift; sourceTree = "<group>"; };
		E23C9D0A245BA04300EBD87A /* TheMealDB.swift */ = {isa = PBXFileReference; lastKnownFileType = sourcecode.swift; path = TheMealDB.swift; sourceTree = "<group>"; };
		E23C9D0C245BA06900EBD87A /* CategoriesViewModel.swift */ = {isa = PBXFileReference; lastKnownFileType = sourcecode.swift; path = CategoriesViewModel.swift; sourceTree = "<group>"; };
		E23C9D12245BA1DA00EBD87A /* MealsView.swift */ = {isa = PBXFileReference; lastKnownFileType = sourcecode.swift; path = MealsView.swift; sourceTree = "<group>"; };
		E23C9D14245BA1E800EBD87A /* MealsViewModel.swift */ = {isa = PBXFileReference; lastKnownFileType = sourcecode.swift; path = MealsViewModel.swift; sourceTree = "<group>"; };
		E23C9D17245BA29800EBD87A /* MealsJSONResponse.swift */ = {isa = PBXFileReference; lastKnownFileType = sourcecode.swift; path = MealsJSONResponse.swift; sourceTree = "<group>"; };
		E23C9D19245BA2C500EBD87A /* Meal.swift */ = {isa = PBXFileReference; lastKnownFileType = sourcecode.swift; path = Meal.swift; sourceTree = "<group>"; };
		E23C9D1D245BA38E00EBD87A /* MealRow.swift */ = {isa = PBXFileReference; lastKnownFileType = sourcecode.swift; path = MealRow.swift; sourceTree = "<group>"; };
		E23C9D1F245BA51900EBD87A /* ThumbnailRow.swift */ = {isa = PBXFileReference; lastKnownFileType = sourcecode.swift; path = ThumbnailRow.swift; sourceTree = "<group>"; };
/* End PBXFileReference section */

/* Begin PBXFrameworksBuildPhase section */
		E23C9CCD245B9E8E00EBD87A /* Frameworks */ = {
			isa = PBXFrameworksBuildPhase;
			buildActionMask = 2147483647;
			files = (
				E23C9D10245BA0C900EBD87A /* KingfisherSwiftUI in Frameworks */,
			);
			runOnlyForDeploymentPostprocessing = 0;
		};
/* End PBXFrameworksBuildPhase section */

/* Begin PBXGroup section */
		E23C9CC7245B9E8E00EBD87A = {
			isa = PBXGroup;
			children = (
				E23C9CE7245B9EBF00EBD87A /* TheMealDB */,
				E23C9CD1245B9E8E00EBD87A /* Products */,
			);
			sourceTree = "<group>";
		};
		E23C9CD1245B9E8E00EBD87A /* Products */ = {
			isa = PBXGroup;
			children = (
				E23C9CD0245B9E8E00EBD87A /* TheMealDB.app */,
			);
			name = Products;
			sourceTree = "<group>";
		};
		E23C9CE7245B9EBF00EBD87A /* TheMealDB */ = {
			isa = PBXGroup;
			children = (
				E23C9CED245B9EBF00EBD87A /* AppDelegate.swift */,
				E23C9CF0245B9EBF00EBD87A /* SceneDelegate.swift */,
				E23C9CEE245B9EBF00EBD87A /* ContentView.swift */,
				E23C9CFA245B9F7C00EBD87A /* Models */,
				E23C9CF8245B9F6C00EBD87A /* Views */,
				E23C9CF9245B9F7200EBD87A /* View Models */,
				E23C9D09245BA02E00EBD87A /* APIs */,
				E23C9CEB245B9EBF00EBD87A /* LaunchScreen.storyboard */,
				E23C9CE8245B9EBF00EBD87A /* Assets.xcassets */,
				E23C9CE9245B9EBF00EBD87A /* Preview Content */,
				E23C9CEF245B9EBF00EBD87A /* Info.plist */,
			);
			name = TheMealDB;
			path = Sources/TheMealDB;
			sourceTree = "<group>";
		};
		E23C9CE9245B9EBF00EBD87A /* Preview Content */ = {
			isa = PBXGroup;
			children = (
				E23C9CEA245B9EBF00EBD87A /* Preview Assets.xcassets */,
			);
			path = "Preview Content";
			sourceTree = "<group>";
		};
		E23C9CF8245B9F6C00EBD87A /* Views */ = {
			isa = PBXGroup;
			children = (
				E23C9D1F245BA51900EBD87A /* ThumbnailRow.swift */,
				E23C9D00245B9FC000EBD87A /* Categories */,
				E23C9D11245BA1C900EBD87A /* Meals */,
			);
			path = Views;
			sourceTree = "<group>";
		};
		E23C9CF9245B9F7200EBD87A /* View Models */ = {
			isa = PBXGroup;
			children = (
				E23C9D0C245BA06900EBD87A /* CategoriesViewModel.swift */,
				E23C9D14245BA1E800EBD87A /* MealsViewModel.swift */,
			);
			path = "View Models";
			sourceTree = "<group>";
		};
		E23C9CFA245B9F7C00EBD87A /* Models */ = {
			isa = PBXGroup;
			children = (
				E23C9D07245B9FF600EBD87A /* JSONResponse.swift */,
				E23C9D16245BA27F00EBD87A /* Meal */,
				E23C9CFB245B9F9D00EBD87A /* Category */,
			);
			path = Models;
			sourceTree = "<group>";
		};
		E23C9CFB245B9F9D00EBD87A /* Category */ = {
			isa = PBXGroup;
			children = (
				E23C9CFC245B9FA700EBD87A /* Category.swift */,
				E23C9CFE245B9FB200EBD87A /* CategoryJSONResponse.swift */,
			);
			path = Category;
			sourceTree = "<group>";
		};
		E23C9D00245B9FC000EBD87A /* Categories */ = {
			isa = PBXGroup;
			children = (
				E23C9D03245B9FD700EBD87A /* CategoriesView.swift */,
				E23C9D05245B9FDF00EBD87A /* CategoryRow.swift */,
			);
			path = Categories;
			sourceTree = "<group>";
		};
		E23C9D09245BA02E00EBD87A /* APIs */ = {
			isa = PBXGroup;
			children = (
				E23C9D0A245BA04300EBD87A /* TheMealDB.swift */,
			);
			path = APIs;
			sourceTree = "<group>";
		};
		E23C9D11245BA1C900EBD87A /* Meals */ = {
			isa = PBXGroup;
			children = (
				E23C9D12245BA1DA00EBD87A /* MealsView.swift */,
				E23C9D1D245BA38E00EBD87A /* MealRow.swift */,
			);
			path = Meals;
			sourceTree = "<group>";
		};
		E23C9D16245BA27F00EBD87A /* Meal */ = {
			isa = PBXGroup;
			children = (
				E23C9D19245BA2C500EBD87A /* Meal.swift */,
				E23C9D17245BA29800EBD87A /* MealsJSONResponse.swift */,
			);
			path = Meal;
			sourceTree = "<group>";
		};
/* End PBXGroup section */

/* Begin PBXNativeTarget section */
		E23C9CCF245B9E8E00EBD87A /* TheMealDB */ = {
			isa = PBXNativeTarget;
			buildConfigurationList = E23C9CE4245B9E9000EBD87A /* Build configuration list for PBXNativeTarget "TheMealDB" */;
			buildPhases = (
				E23C9CCC245B9E8E00EBD87A /* Sources */,
				E23C9CCD245B9E8E00EBD87A /* Frameworks */,
				E23C9CCE245B9E8E00EBD87A /* Resources */,
			);
			buildRules = (
			);
			dependencies = (
			);
			name = TheMealDB;
			packageProductDependencies = (
				E23C9D0F245BA0C900EBD87A /* KingfisherSwiftUI */,
			);
			productName = TheMealDB;
			productReference = E23C9CD0245B9E8E00EBD87A /* TheMealDB.app */;
			productType = "com.apple.product-type.application";
		};
/* End PBXNativeTarget section */

/* Begin PBXProject section */
		E23C9CC8245B9E8E00EBD87A /* Project object */ = {
			isa = PBXProject;
			attributes = {
				LastSwiftUpdateCheck = 1140;
				LastUpgradeCheck = 1140;
				ORGANIZATIONNAME = "Gray Campbell";
				TargetAttributes = {
					E23C9CCF245B9E8E00EBD87A = {
						CreatedOnToolsVersion = 11.4.1;
					};
				};
			};
			buildConfigurationList = E23C9CCB245B9E8E00EBD87A /* Build configuration list for PBXProject "TheMealDB" */;
			compatibilityVersion = "Xcode 9.3";
			developmentRegion = en;
			hasScannedForEncodings = 0;
			knownRegions = (
				en,
				Base,
			);
			mainGroup = E23C9CC7245B9E8E00EBD87A;
			packageReferences = (
				E23C9D0E245BA0C900EBD87A /* XCRemoteSwiftPackageReference "Kingfisher" */,
			);
			productRefGroup = E23C9CD1245B9E8E00EBD87A /* Products */;
			projectDirPath = "";
			projectRoot = "";
			targets = (
				E23C9CCF245B9E8E00EBD87A /* TheMealDB */,
			);
		};
/* End PBXProject section */

/* Begin PBXResourcesBuildPhase section */
		E23C9CCE245B9E8E00EBD87A /* Resources */ = {
			isa = PBXResourcesBuildPhase;
			buildActionMask = 2147483647;
			files = (
				E23C9CF3245B9EBF00EBD87A /* LaunchScreen.storyboard in Resources */,
				E23C9CF2245B9EBF00EBD87A /* Preview Assets.xcassets in Resources */,
				E23C9CF1245B9EBF00EBD87A /* Assets.xcassets in Resources */,
			);
			runOnlyForDeploymentPostprocessing = 0;
		};
/* End PBXResourcesBuildPhase section */

/* Begin PBXSourcesBuildPhase section */
		E23C9CCC245B9E8E00EBD87A /* Sources */ = {
			isa = PBXSourcesBuildPhase;
			buildActionMask = 2147483647;
			files = (
				E23C9CF5245B9EBF00EBD87A /* ContentView.swift in Sources */,
				E23C9CF4245B9EBF00EBD87A /* AppDelegate.swift in Sources */,
				E23C9D1A245BA2C500EBD87A /* Meal.swift in Sources */,
				E23C9D1E245BA38E00EBD87A /* MealRow.swift in Sources */,
				E23C9D13245BA1DA00EBD87A /* MealsView.swift in Sources */,
				E23C9D0D245BA06900EBD87A /* CategoriesViewModel.swift in Sources */,
				E23C9D04245B9FD700EBD87A /* CategoriesView.swift in Sources */,
				E23C9D15245BA1E800EBD87A /* MealsViewModel.swift in Sources */,
				E23C9D0B245BA04300EBD87A /* TheMealDB.swift in Sources */,
				E23C9D20245BA51900EBD87A /* ThumbnailRow.swift in Sources */,
				E23C9CFF245B9FB200EBD87A /* CategoryJSONResponse.swift in Sources */,
				E23C9D06245B9FDF00EBD87A /* CategoryRow.swift in Sources */,
				E23C9CF7245B9EBF00EBD87A /* SceneDelegate.swift in Sources */,
				E23C9D18245BA29800EBD87A /* MealsJSONResponse.swift in Sources */,
				E23C9D08245B9FF600EBD87A /* JSONResponse.swift in Sources */,
				E23C9CFD245B9FA700EBD87A /* Category.swift in Sources */,
			);
			runOnlyForDeploymentPostprocessing = 0;
		};
/* End PBXSourcesBuildPhase section */

/* Begin PBXVariantGroup section */
		E23C9CEB245B9EBF00EBD87A /* LaunchScreen.storyboard */ = {
			isa = PBXVariantGroup;
			children = (
				E23C9CEC245B9EBF00EBD87A /* Base */,
			);
			name = LaunchScreen.storyboard;
			sourceTree = "<group>";
		};
/* End PBXVariantGroup section */

/* Begin XCBuildConfiguration section */
		E23C9CE2245B9E9000EBD87A /* Debug */ = {
			isa = XCBuildConfiguration;
			buildSettings = {
				ALWAYS_SEARCH_USER_PATHS = NO;
				CLANG_ANALYZER_NONNULL = YES;
				CLANG_ANALYZER_NUMBER_OBJECT_CONVERSION = YES_AGGRESSIVE;
				CLANG_CXX_LANGUAGE_STANDARD = "gnu++14";
				CLANG_CXX_LIBRARY = "libc++";
				CLANG_ENABLE_MODULES = YES;
				CLANG_ENABLE_OBJC_ARC = YES;
				CLANG_ENABLE_OBJC_WEAK = YES;
				CLANG_WARN_BLOCK_CAPTURE_AUTORELEASING = YES;
				CLANG_WARN_BOOL_CONVERSION = YES;
				CLANG_WARN_COMMA = YES;
				CLANG_WARN_CONSTANT_CONVERSION = YES;
				CLANG_WARN_DEPRECATED_OBJC_IMPLEMENTATIONS = YES;
				CLANG_WARN_DIRECT_OBJC_ISA_USAGE = YES_ERROR;
				CLANG_WARN_DOCUMENTATION_COMMENTS = YES;
				CLANG_WARN_EMPTY_BODY = YES;
				CLANG_WARN_ENUM_CONVERSION = YES;
				CLANG_WARN_INFINITE_RECURSION = YES;
				CLANG_WARN_INT_CONVERSION = YES;
				CLANG_WARN_NON_LITERAL_NULL_CONVERSION = YES;
				CLANG_WARN_OBJC_IMPLICIT_RETAIN_SELF = YES;
				CLANG_WARN_OBJC_LITERAL_CONVERSION = YES;
				CLANG_WARN_OBJC_ROOT_CLASS = YES_ERROR;
				CLANG_WARN_RANGE_LOOP_ANALYSIS = YES;
				CLANG_WARN_STRICT_PROTOTYPES = YES;
				CLANG_WARN_SUSPICIOUS_MOVE = YES;
				CLANG_WARN_UNGUARDED_AVAILABILITY = YES_AGGRESSIVE;
				CLANG_WARN_UNREACHABLE_CODE = YES;
				CLANG_WARN__DUPLICATE_METHOD_MATCH = YES;
				COPY_PHASE_STRIP = NO;
				DEBUG_INFORMATION_FORMAT = dwarf;
				ENABLE_STRICT_OBJC_MSGSEND = YES;
				ENABLE_TESTABILITY = YES;
				GCC_C_LANGUAGE_STANDARD = gnu11;
				GCC_DYNAMIC_NO_PIC = NO;
				GCC_NO_COMMON_BLOCKS = YES;
				GCC_OPTIMIZATION_LEVEL = 0;
				GCC_PREPROCESSOR_DEFINITIONS = (
					"DEBUG=1",
					"$(inherited)",
				);
				GCC_WARN_64_TO_32_BIT_CONVERSION = YES;
				GCC_WARN_ABOUT_RETURN_TYPE = YES_ERROR;
				GCC_WARN_UNDECLARED_SELECTOR = YES;
				GCC_WARN_UNINITIALIZED_AUTOS = YES_AGGRESSIVE;
				GCC_WARN_UNUSED_FUNCTION = YES;
				GCC_WARN_UNUSED_VARIABLE = YES;
				IPHONEOS_DEPLOYMENT_TARGET = 13.4;
				MTL_ENABLE_DEBUG_INFO = INCLUDE_SOURCE;
				MTL_FAST_MATH = YES;
				ONLY_ACTIVE_ARCH = YES;
				SDKROOT = iphoneos;
				SWIFT_ACTIVE_COMPILATION_CONDITIONS = DEBUG;
				SWIFT_OPTIMIZATION_LEVEL = "-Onone";
			};
			name = Debug;
		};
		E23C9CE3245B9E9000EBD87A /* Release */ = {
			isa = XCBuildConfiguration;
			buildSettings = {
				ALWAYS_SEARCH_USER_PATHS = NO;
				CLANG_ANALYZER_NONNULL = YES;
				CLANG_ANALYZER_NUMBER_OBJECT_CONVERSION = YES_AGGRESSIVE;
				CLANG_CXX_LANGUAGE_STANDARD = "gnu++14";
				CLANG_CXX_LIBRARY = "libc++";
				CLANG_ENABLE_MODULES = YES;
				CLANG_ENABLE_OBJC_ARC = YES;
				CLANG_ENABLE_OBJC_WEAK = YES;
				CLANG_WARN_BLOCK_CAPTURE_AUTORELEASING = YES;
				CLANG_WARN_BOOL_CONVERSION = YES;
				CLANG_WARN_COMMA = YES;
				CLANG_WARN_CONSTANT_CONVERSION = YES;
				CLANG_WARN_DEPRECATED_OBJC_IMPLEMENTATIONS = YES;
				CLANG_WARN_DIRECT_OBJC_ISA_USAGE = YES_ERROR;
				CLANG_WARN_DOCUMENTATION_COMMENTS = YES;
				CLANG_WARN_EMPTY_BODY = YES;
				CLANG_WARN_ENUM_CONVERSION = YES;
				CLANG_WARN_INFINITE_RECURSION = YES;
				CLANG_WARN_INT_CONVERSION = YES;
				CLANG_WARN_NON_LITERAL_NULL_CONVERSION = YES;
				CLANG_WARN_OBJC_IMPLICIT_RETAIN_SELF = YES;
				CLANG_WARN_OBJC_LITERAL_CONVERSION = YES;
				CLANG_WARN_OBJC_ROOT_CLASS = YES_ERROR;
				CLANG_WARN_RANGE_LOOP_ANALYSIS = YES;
				CLANG_WARN_STRICT_PROTOTYPES = YES;
				CLANG_WARN_SUSPICIOUS_MOVE = YES;
				CLANG_WARN_UNGUARDED_AVAILABILITY = YES_AGGRESSIVE;
				CLANG_WARN_UNREACHABLE_CODE = YES;
				CLANG_WARN__DUPLICATE_METHOD_MATCH = YES;
				COPY_PHASE_STRIP = NO;
				DEBUG_INFORMATION_FORMAT = "dwarf-with-dsym";
				ENABLE_NS_ASSERTIONS = NO;
				ENABLE_STRICT_OBJC_MSGSEND = YES;
				GCC_C_LANGUAGE_STANDARD = gnu11;
				GCC_NO_COMMON_BLOCKS = YES;
				GCC_WARN_64_TO_32_BIT_CONVERSION = YES;
				GCC_WARN_ABOUT_RETURN_TYPE = YES_ERROR;
				GCC_WARN_UNDECLARED_SELECTOR = YES;
				GCC_WARN_UNINITIALIZED_AUTOS = YES_AGGRESSIVE;
				GCC_WARN_UNUSED_FUNCTION = YES;
				GCC_WARN_UNUSED_VARIABLE = YES;
				IPHONEOS_DEPLOYMENT_TARGET = 13.4;
				MTL_ENABLE_DEBUG_INFO = NO;
				MTL_FAST_MATH = YES;
				SDKROOT = iphoneos;
				SWIFT_COMPILATION_MODE = wholemodule;
				SWIFT_OPTIMIZATION_LEVEL = "-O";
				VALIDATE_PRODUCT = YES;
			};
			name = Release;
		};
		E23C9CE5245B9E9000EBD87A /* Debug */ = {
			isa = XCBuildConfiguration;
			buildSettings = {
				ASSETCATALOG_COMPILER_APPICON_NAME = AppIcon;
				CODE_SIGN_STYLE = Automatic;
				DEVELOPMENT_ASSET_PATHS = "\"$(SRCROOT)/Sources/TheMealDB/Preview Content\"";
				DEVELOPMENT_TEAM = 7GDS9622D9;
				ENABLE_PREVIEWS = YES;
				INFOPLIST_FILE = "$(SRCROOT)/Sources/TheMealDB/Info.plist";
				LD_RUNPATH_SEARCH_PATHS = (
					"$(inherited)",
					"@executable_path/Frameworks",
				);
				PRODUCT_BUNDLE_IDENTIFIER = com.graycampbell.TheMealDB;
				PRODUCT_NAME = "$(TARGET_NAME)";
				SWIFT_VERSION = 5.0;
				TARGETED_DEVICE_FAMILY = "1,2";
			};
			name = Debug;
		};
		E23C9CE6245B9E9000EBD87A /* Release */ = {
			isa = XCBuildConfiguration;
			buildSettings = {
				ASSETCATALOG_COMPILER_APPICON_NAME = AppIcon;
				CODE_SIGN_STYLE = Automatic;
				DEVELOPMENT_ASSET_PATHS = "\"$(SRCROOT)/Sources/TheMealDB/Preview Content\"";
				DEVELOPMENT_TEAM = 7GDS9622D9;
				ENABLE_PREVIEWS = YES;
				INFOPLIST_FILE = "$(SRCROOT)/Sources/TheMealDB/Info.plist";
				LD_RUNPATH_SEARCH_PATHS = (
					"$(inherited)",
					"@executable_path/Frameworks",
				);
				PRODUCT_BUNDLE_IDENTIFIER = com.graycampbell.TheMealDB;
				PRODUCT_NAME = "$(TARGET_NAME)";
				SWIFT_VERSION = 5.0;
				TARGETED_DEVICE_FAMILY = "1,2";
			};
			name = Release;
		};
/* End XCBuildConfiguration section */

/* Begin XCConfigurationList section */
		E23C9CCB245B9E8E00EBD87A /* Build configuration list for PBXProject "TheMealDB" */ = {
			isa = XCConfigurationList;
			buildConfigurations = (
				E23C9CE2245B9E9000EBD87A /* Debug */,
				E23C9CE3245B9E9000EBD87A /* Release */,
			);
			defaultConfigurationIsVisible = 0;
			defaultConfigurationName = Release;
		};
		E23C9CE4245B9E9000EBD87A /* Build configuration list for PBXNativeTarget "TheMealDB" */ = {
			isa = XCConfigurationList;
			buildConfigurations = (
				E23C9CE5245B9E9000EBD87A /* Debug */,
				E23C9CE6245B9E9000EBD87A /* Release */,
			);
			defaultConfigurationIsVisible = 0;
			defaultConfigurationName = Release;
		};
/* End XCConfigurationList section */

/* Begin XCRemoteSwiftPackageReference section */
		E23C9D0E245BA0C900EBD87A /* XCRemoteSwiftPackageReference "Kingfisher" */ = {
			isa = XCRemoteSwiftPackageReference;
			repositoryURL = "https://github.com/onevcat/Kingfisher";
			requirement = {
				kind = upToNextMajorVersion;
				minimumVersion = 5.13.4;
			};
		};
/* End XCRemoteSwiftPackageReference section */

/* Begin XCSwiftPackageProductDependency section */
		E23C9D0F245BA0C900EBD87A /* KingfisherSwiftUI */ = {
			isa = XCSwiftPackageProductDependency;
			package = E23C9D0E245BA0C900EBD87A /* XCRemoteSwiftPackageReference "Kingfisher" */;
			productName = KingfisherSwiftUI;
		};
/* End XCSwiftPackageProductDependency section */
	};
	rootObject = E23C9CC8245B9E8E00EBD87A /* Project object */;
}
